
Microsoft Visual Studio Solution File, Format Version 12.00
# Visual Studio Version 17
VisualStudioVersion = 17.6.33829.357
MinimumVisualStudioVersion = 10.0.40219.1
Project("{2150E333-8FDC-42A3-9474-1A3956D46DE8}") = "Services", "Services", "{63C32365-7CE4-49E3-BCB1-87D12B9BCC2A}"
EndProject
Project("{2150E333-8FDC-42A3-9474-1A3956D46DE8}") = "Catalog", "Catalog", "{7EFCF4C9-AFE1-4F91-A2E1-04E8FF1ED2F5}"
EndProject
Project("{9A19103F-16F7-4668-BE54-9A1E7A4F7556}") = "Course.Services.Catalog", "Services\Catalog\Course.Services.Catalog\Course.Services.Catalog.csproj", "{AB23ED17-EDF5-4FF4-A927-8A1F066DCE5F}"
EndProject
Project("{2150E333-8FDC-42A3-9474-1A3956D46DE8}") = "Shared", "Shared", "{7B5B69E5-01A3-4631-B162-432D233F3760}"
EndProject
Project("{FAE04EC0-301F-11D3-BF4B-00C04F79EFBC}") = "Course.SharedLibrary", "Shared\Course.SharedLibrary\Course.SharedLibrary.csproj", "{37B0F217-A94B-48D1-A84E-BB19DE33C7A8}"
EndProject
Project("{2150E333-8FDC-42A3-9474-1A3956D46DE8}") = "IdentityServer", "IdentityServer", "{5DFEA21E-6D8D-438B-8B34-DD0AC943B589}"
EndProject
Project("{9A19103F-16F7-4668-BE54-9A1E7A4F7556}") = "Course.IdentityServer", "IdentityServer\Course.IdentityServer\Course.IdentityServer.csproj", "{91D5DB5D-88C1-42CF-B94D-4387907B082D}"
EndProject
Project("{2150E333-8FDC-42A3-9474-1A3956D46DE8}") = "Photostock", "Photostock", "{737D41A0-F11F-4EDD-B0C4-F1491FB62CF2}"
EndProject
Project("{9A19103F-16F7-4668-BE54-9A1E7A4F7556}") = "Course.Services.Photostock", "Services\Photostock\Course.Services.Photostock\Course.Services.Photostock.csproj", "{467B8ABB-6207-4417-9EAF-A3F4C91F9FDB}"
EndProject
Project("{2150E333-8FDC-42A3-9474-1A3956D46DE8}") = "Basket", "Basket", "{7E02FA3F-A605-4107-A14D-4C868F6802F8}"
EndProject
Project("{9A19103F-16F7-4668-BE54-9A1E7A4F7556}") = "Course.Services.Basket", "Services\Basket\Course.Services.Basket\Course.Services.Basket.csproj", "{FA2E673E-CF61-4678-85AF-752D7017AC6D}"
EndProject
Project("{2150E333-8FDC-42A3-9474-1A3956D46DE8}") = "Discount", "Discount", "{E2D8A619-56B0-4FC5-833B-B23AB9E95747}"
EndProject
Project("{9A19103F-16F7-4668-BE54-9A1E7A4F7556}") = "Course.Services.Discount", "Services\Discount\Course.Services.Discount\Course.Services.Discount.csproj", "{9B160BAF-3C33-40F6-8277-87671FAD0673}"
EndProject
Project("{2150E333-8FDC-42A3-9474-1A3956D46DE8}") = "Order", "Order", "{209D5A3A-5D18-4D5A-B58A-44CF57699DA2}"
EndProject
Project("{9A19103F-16F7-4668-BE54-9A1E7A4F7556}") = "Course.Services.Order", "Services\Order\Course.Services.Order\Course.Services.Order.csproj", "{AE48B804-803D-4CD3-811E-B495681393BD}"
EndProject
Project("{9A19103F-16F7-4668-BE54-9A1E7A4F7556}") = "Order.Application", "Services\Order\Order.Application\Order.Application.csproj", "{F42B012D-4A05-4C6A-B5F3-5E4228521D44}"
EndProject
Project("{9A19103F-16F7-4668-BE54-9A1E7A4F7556}") = "Order.Infrastructure", "Services\Order\Order.Infrastructure\Order.Infrastructure.csproj", "{5BD02018-2F22-453C-8A00-6C8ADC6E9341}"
EndProject
Project("{9A19103F-16F7-4668-BE54-9A1E7A4F7556}") = "Order.Domain", "Services\Order\Order.Domain\Order.Domain.csproj", "{351BB198-FCFA-4410-8D36-114A05554F05}"
EndProject
Project("{9A19103F-16F7-4668-BE54-9A1E7A4F7556}") = "Order.Core", "Services\Order\Order.Core\Order.Core.csproj", "{1136990A-DD10-42A3-A6B4-0F3F6914F6F2}"
EndProject
Project("{2150E333-8FDC-42A3-9474-1A3956D46DE8}") = "Payment", "Payment", "{BF91B5AC-B077-42C8-A86F-4E3687512E3B}"
EndProject
Project("{FAE04EC0-301F-11D3-BF4B-00C04F79EFBC}") = "Course.Services.Payment", "Services\Payment\Course.Services.Payment\Course.Services.Payment.csproj", "{9C15B3BD-BAC1-4726-B3A1-D307BDB56099}"
EndProject
Project("{2150E333-8FDC-42A3-9474-1A3956D46DE8}") = "Gateways", "Gateways", "{37CDBBDD-DFC7-4626-B2B4-362683E5C169}"
EndProject
Project("{FAE04EC0-301F-11D3-BF4B-00C04F79EFBC}") = "Course.Gateway", "Gateways\Course.Gateway\Course.Gateway.csproj", "{71DC3189-1F3B-435C-AD0C-75E8565CB6D0}"
EndProject
Global
	GlobalSection(SolutionConfigurationPlatforms) = preSolution
		Debug|Any CPU = Debug|Any CPU
		Release|Any CPU = Release|Any CPU
	EndGlobalSection
	GlobalSection(ProjectConfigurationPlatforms) = postSolution
		{AB23ED17-EDF5-4FF4-A927-8A1F066DCE5F}.Debug|Any CPU.ActiveCfg = Debug|Any CPU
		{AB23ED17-EDF5-4FF4-A927-8A1F066DCE5F}.Debug|Any CPU.Build.0 = Debug|Any CPU
		{AB23ED17-EDF5-4FF4-A927-8A1F066DCE5F}.Release|Any CPU.ActiveCfg = Release|Any CPU
		{AB23ED17-EDF5-4FF4-A927-8A1F066DCE5F}.Release|Any CPU.Build.0 = Release|Any CPU
		{37B0F217-A94B-48D1-A84E-BB19DE33C7A8}.Debug|Any CPU.ActiveCfg = Debug|Any CPU
		{37B0F217-A94B-48D1-A84E-BB19DE33C7A8}.Debug|Any CPU.Build.0 = Debug|Any CPU
		{37B0F217-A94B-48D1-A84E-BB19DE33C7A8}.Release|Any CPU.ActiveCfg = Release|Any CPU
		{37B0F217-A94B-48D1-A84E-BB19DE33C7A8}.Release|Any CPU.Build.0 = Release|Any CPU
		{91D5DB5D-88C1-42CF-B94D-4387907B082D}.Debug|Any CPU.ActiveCfg = Debug|Any CPU
		{91D5DB5D-88C1-42CF-B94D-4387907B082D}.Debug|Any CPU.Build.0 = Debug|Any CPU
		{91D5DB5D-88C1-42CF-B94D-4387907B082D}.Release|Any CPU.ActiveCfg = Release|Any CPU
		{91D5DB5D-88C1-42CF-B94D-4387907B082D}.Release|Any CPU.Build.0 = Release|Any CPU
		{467B8ABB-6207-4417-9EAF-A3F4C91F9FDB}.Debug|Any CPU.ActiveCfg = Debug|Any CPU
		{467B8ABB-6207-4417-9EAF-A3F4C91F9FDB}.Debug|Any CPU.Build.0 = Debug|Any CPU
		{467B8ABB-6207-4417-9EAF-A3F4C91F9FDB}.Release|Any CPU.ActiveCfg = Release|Any CPU
		{467B8ABB-6207-4417-9EAF-A3F4C91F9FDB}.Release|Any CPU.Build.0 = Release|Any CPU
		{FA2E673E-CF61-4678-85AF-752D7017AC6D}.Debug|Any CPU.ActiveCfg = Debug|Any CPU
		{FA2E673E-CF61-4678-85AF-752D7017AC6D}.Debug|Any CPU.Build.0 = Debug|Any CPU
		{FA2E673E-CF61-4678-85AF-752D7017AC6D}.Release|Any CPU.ActiveCfg = Release|Any CPU
		{FA2E673E-CF61-4678-85AF-752D7017AC6D}.Release|Any CPU.Build.0 = Release|Any CPU
		{9B160BAF-3C33-40F6-8277-87671FAD0673}.Debug|Any CPU.ActiveCfg = Debug|Any CPU
		{9B160BAF-3C33-40F6-8277-87671FAD0673}.Debug|Any CPU.Build.0 = Debug|Any CPU
		{9B160BAF-3C33-40F6-8277-87671FAD0673}.Release|Any CPU.ActiveCfg = Release|Any CPU
		{9B160BAF-3C33-40F6-8277-87671FAD0673}.Release|Any CPU.Build.0 = Release|Any CPU
		{AE48B804-803D-4CD3-811E-B495681393BD}.Debug|Any CPU.ActiveCfg = Debug|Any CPU
		{AE48B804-803D-4CD3-811E-B495681393BD}.Debug|Any CPU.Build.0 = Debug|Any CPU
		{AE48B804-803D-4CD3-811E-B495681393BD}.Release|Any CPU.ActiveCfg = Release|Any CPU
		{AE48B804-803D-4CD3-811E-B495681393BD}.Release|Any CPU.Build.0 = Release|Any CPU
		{F42B012D-4A05-4C6A-B5F3-5E4228521D44}.Debug|Any CPU.ActiveCfg = Debug|Any CPU
		{F42B012D-4A05-4C6A-B5F3-5E4228521D44}.Debug|Any CPU.Build.0 = Debug|Any CPU
		{F42B012D-4A05-4C6A-B5F3-5E4228521D44}.Release|Any CPU.ActiveCfg = Release|Any CPU
		{F42B012D-4A05-4C6A-B5F3-5E4228521D44}.Release|Any CPU.Build.0 = Release|Any CPU
		{5BD02018-2F22-453C-8A00-6C8ADC6E9341}.Debug|Any CPU.ActiveCfg = Debug|Any CPU
		{5BD02018-2F22-453C-8A00-6C8ADC6E9341}.Debug|Any CPU.Build.0 = Debug|Any CPU
		{5BD02018-2F22-453C-8A00-6C8ADC6E9341}.Release|Any CPU.ActiveCfg = Release|Any CPU
		{5BD02018-2F22-453C-8A00-6C8ADC6E9341}.Release|Any CPU.Build.0 = Release|Any CPU
		{351BB198-FCFA-4410-8D36-114A05554F05}.Debug|Any CPU.ActiveCfg = Debug|Any CPU
		{351BB198-FCFA-4410-8D36-114A05554F05}.Debug|Any CPU.Build.0 = Debug|Any CPU
		{351BB198-FCFA-4410-8D36-114A05554F05}.Release|Any CPU.ActiveCfg = Release|Any CPU
		{351BB198-FCFA-4410-8D36-114A05554F05}.Release|Any CPU.Build.0 = Release|Any CPU
		{1136990A-DD10-42A3-A6B4-0F3F6914F6F2}.Debug|Any CPU.ActiveCfg = Debug|Any CPU
		{1136990A-DD10-42A3-A6B4-0F3F6914F6F2}.Debug|Any CPU.Build.0 = Debug|Any CPU
		{1136990A-DD10-42A3-A6B4-0F3F6914F6F2}.Release|Any CPU.ActiveCfg = Release|Any CPU
		{1136990A-DD10-42A3-A6B4-0F3F6914F6F2}.Release|Any CPU.Build.0 = Release|Any CPU
		{9C15B3BD-BAC1-4726-B3A1-D307BDB56099}.Debug|Any CPU.ActiveCfg = Debug|Any CPU
		{9C15B3BD-BAC1-4726-B3A1-D307BDB56099}.Debug|Any CPU.Build.0 = Debug|Any CPU
		{9C15B3BD-BAC1-4726-B3A1-D307BDB56099}.Release|Any CPU.ActiveCfg = Release|Any CPU
		{9C15B3BD-BAC1-4726-B3A1-D307BDB56099}.Release|Any CPU.Build.0 = Release|Any CPU
		{71DC3189-1F3B-435C-AD0C-75E8565CB6D0}.Debug|Any CPU.ActiveCfg = Debug|Any CPU
		{71DC3189-1F3B-435C-AD0C-75E8565CB6D0}.Debug|Any CPU.Build.0 = Debug|Any CPU
		{71DC3189-1F3B-435C-AD0C-75E8565CB6D0}.Release|Any CPU.ActiveCfg = Release|Any CPU
		{71DC3189-1F3B-435C-AD0C-75E8565CB6D0}.Release|Any CPU.Build.0 = Release|Any CPU
	EndGlobalSection
	GlobalSection(SolutionProperties) = preSolution
		HideSolutionNode = FALSE
	EndGlobalSection
	GlobalSection(NestedProjects) = preSolution
		{7EFCF4C9-AFE1-4F91-A2E1-04E8FF1ED2F5} = {63C32365-7CE4-49E3-BCB1-87D12B9BCC2A}
		{AB23ED17-EDF5-4FF4-A927-8A1F066DCE5F} = {7EFCF4C9-AFE1-4F91-A2E1-04E8FF1ED2F5}
		{37B0F217-A94B-48D1-A84E-BB19DE33C7A8} = {7B5B69E5-01A3-4631-B162-432D233F3760}
		{91D5DB5D-88C1-42CF-B94D-4387907B082D} = {5DFEA21E-6D8D-438B-8B34-DD0AC943B589}
		{737D41A0-F11F-4EDD-B0C4-F1491FB62CF2} = {63C32365-7CE4-49E3-BCB1-87D12B9BCC2A}
		{467B8ABB-6207-4417-9EAF-A3F4C91F9FDB} = {737D41A0-F11F-4EDD-B0C4-F1491FB62CF2}
		{7E02FA3F-A605-4107-A14D-4C868F6802F8} = {63C32365-7CE4-49E3-BCB1-87D12B9BCC2A}
		{FA2E673E-CF61-4678-85AF-752D7017AC6D} = {7E02FA3F-A605-4107-A14D-4C868F6802F8}
		{E2D8A619-56B0-4FC5-833B-B23AB9E95747} = {63C32365-7CE4-49E3-BCB1-87D12B9BCC2A}
		{9B160BAF-3C33-40F6-8277-87671FAD0673} = {E2D8A619-56B0-4FC5-833B-B23AB9E95747}
		{209D5A3A-5D18-4D5A-B58A-44CF57699DA2} = {63C32365-7CE4-49E3-BCB1-87D12B9BCC2A}
		{AE48B804-803D-4CD3-811E-B495681393BD} = {209D5A3A-5D18-4D5A-B58A-44CF57699DA2}
		{F42B012D-4A05-4C6A-B5F3-5E4228521D44} = {209D5A3A-5D18-4D5A-B58A-44CF57699DA2}
		{5BD02018-2F22-453C-8A00-6C8ADC6E9341} = {209D5A3A-5D18-4D5A-B58A-44CF57699DA2}
		{351BB198-FCFA-4410-8D36-114A05554F05} = {209D5A3A-5D18-4D5A-B58A-44CF57699DA2}
		{1136990A-DD10-42A3-A6B4-0F3F6914F6F2} = {209D5A3A-5D18-4D5A-B58A-44CF57699DA2}
		{BF91B5AC-B077-42C8-A86F-4E3687512E3B} = {63C32365-7CE4-49E3-BCB1-87D12B9BCC2A}
		{9C15B3BD-BAC1-4726-B3A1-D307BDB56099} = {BF91B5AC-B077-42C8-A86F-4E3687512E3B}
		{71DC3189-1F3B-435C-AD0C-75E8565CB6D0} = {37CDBBDD-DFC7-4626-B2B4-362683E5C169}
	EndGlobalSection
	GlobalSection(ExtensibilityGlobals) = postSolution
		SolutionGuid = {844987CA-022D-4B41-83E1-5AC4AD5EA11E}
	EndGlobalSection
EndGlobal
